// !$*UTF8*$!
{
	archiveVersion = 1;
	classes = {
	};
	objectVersion = 46;
	objects = {

/* Begin PBXBuildFile section */
		4483CE3DBE887F335AE373B9 /* Pods.framework in Frameworks */ = {isa = PBXBuildFile; fileRef = EB990F8958A13D6E3CB51D78 /* Pods.framework */; };
		682539841D064F4600BE6417 /* DMAppDelegate.swift in Sources */ = {isa = PBXBuildFile; fileRef = 682539831D064F4600BE6417 /* DMAppDelegate.swift */; };
		6825398E1D064F4600BE6417 /* LaunchScreen.storyboard in Resources */ = {isa = PBXBuildFile; fileRef = 6825398C1D064F4600BE6417 /* LaunchScreen.storyboard */; };
		682539991D064F4600BE6417 /* OrionTestTests.swift in Sources */ = {isa = PBXBuildFile; fileRef = 682539981D064F4600BE6417 /* OrionTestTests.swift */; };
		682539A41D064F4600BE6417 /* OrionTestUITests.swift in Sources */ = {isa = PBXBuildFile; fileRef = 682539A31D064F4600BE6417 /* OrionTestUITests.swift */; };
		68C3D3121D07B9DE0086864F /* DMContactListVC.swift in Sources */ = {isa = PBXBuildFile; fileRef = 68C3D3111D07B9DE0086864F /* DMContactListVC.swift */; };
		68C3D3141D07BA800086864F /* DMContactDetailVC.swift in Sources */ = {isa = PBXBuildFile; fileRef = 68C3D3131D07BA800086864F /* DMContactDetailVC.swift */; };
		68C4D63B1D066C0500FDF764 /* DMTestController.swift in Sources */ = {isa = PBXBuildFile; fileRef = 68C4D63A1D066C0500FDF764 /* DMTestController.swift */; };
		68C4D63E1D066C2100FDF764 /* DMContact.swift in Sources */ = {isa = PBXBuildFile; fileRef = 68C4D63D1D066C2100FDF764 /* DMContact.swift */; };
/* End PBXBuildFile section */

/* Begin PBXContainerItemProxy section */
		682539951D064F4600BE6417 /* PBXContainerItemProxy */ = {
			isa = PBXContainerItemProxy;
			containerPortal = 682539781D064F4600BE6417 /* Project object */;
			proxyType = 1;
			remoteGlobalIDString = 6825397F1D064F4600BE6417;
			remoteInfo = OrionTest;
		};
		682539A01D064F4600BE6417 /* PBXContainerItemProxy */ = {
			isa = PBXContainerItemProxy;
			containerPortal = 682539781D064F4600BE6417 /* Project object */;
			proxyType = 1;
			remoteGlobalIDString = 6825397F1D064F4600BE6417;
			remoteInfo = OrionTest;
		};
/* End PBXContainerItemProxy section */

/* Begin PBXFileReference section */
		682539801D064F4600BE6417 /* OrionTest.app */ = {isa = PBXFileReference; explicitFileType = wrapper.application; includeInIndex = 0; path = OrionTest.app; sourceTree = BUILT_PRODUCTS_DIR; };
		682539831D064F4600BE6417 /* DMAppDelegate.swift */ = {isa = PBXFileReference; lastKnownFileType = sourcecode.swift; path = DMAppDelegate.swift; sourceTree = "<group>"; };
		6825398D1D064F4600BE6417 /* Base */ = {isa = PBXFileReference; lastKnownFileType = file.storyboard; name = Base; path = Base.lproj/LaunchScreen.storyboard; sourceTree = "<group>"; };
		6825398F1D064F4600BE6417 /* Info.plist */ = {isa = PBXFileReference; lastKnownFileType = text.plist.xml; path = Info.plist; sourceTree = "<group>"; };
		682539941D064F4600BE6417 /* OrionTestTests.xctest */ = {isa = PBXFileReference; explicitFileType = wrapper.cfbundle; includeInIndex = 0; path = OrionTestTests.xctest; sourceTree = BUILT_PRODUCTS_DIR; };
		682539981D064F4600BE6417 /* OrionTestTests.swift */ = {isa = PBXFileReference; lastKnownFileType = sourcecode.swift; path = OrionTestTests.swift; sourceTree = "<group>"; };
		6825399A1D064F4600BE6417 /* Info.plist */ = {isa = PBXFileReference; lastKnownFileType = text.plist.xml; path = Info.plist; sourceTree = "<group>"; };
		6825399F1D064F4600BE6417 /* OrionTestUITests.xctest */ = {isa = PBXFileReference; explicitFileType = wrapper.cfbundle; includeInIndex = 0; path = OrionTestUITests.xctest; sourceTree = BUILT_PRODUCTS_DIR; };
		682539A31D064F4600BE6417 /* OrionTestUITests.swift */ = {isa = PBXFileReference; lastKnownFileType = sourcecode.swift; path = OrionTestUITests.swift; sourceTree = "<group>"; };
		682539A51D064F4600BE6417 /* Info.plist */ = {isa = PBXFileReference; lastKnownFileType = text.plist.xml; path = Info.plist; sourceTree = "<group>"; };
		68C3D3111D07B9DE0086864F /* DMContactListVC.swift */ = {isa = PBXFileReference; fileEncoding = 4; lastKnownFileType = sourcecode.swift; path = DMContactListVC.swift; sourceTree = "<group>"; };
		68C3D3131D07BA800086864F /* DMContactDetailVC.swift */ = {isa = PBXFileReference; fileEncoding = 4; lastKnownFileType = sourcecode.swift; path = DMContactDetailVC.swift; sourceTree = "<group>"; };
		68C4D63A1D066C0500FDF764 /* DMTestController.swift */ = {isa = PBXFileReference; fileEncoding = 4; lastKnownFileType = sourcecode.swift; path = DMTestController.swift; sourceTree = "<group>"; };
		68C4D63D1D066C2100FDF764 /* DMContact.swift */ = {isa = PBXFileReference; fileEncoding = 4; lastKnownFileType = sourcecode.swift; path = DMContact.swift; sourceTree = "<group>"; };
		D469939E430F71E91B829E43 /* Pods.debug.xcconfig */ = {isa = PBXFileReference; includeInIndex = 1; lastKnownFileType = text.xcconfig; name = Pods.debug.xcconfig; path = "Pods/Target Support Files/Pods/Pods.debug.xcconfig"; sourceTree = "<group>"; };
		EB990F8958A13D6E3CB51D78 /* Pods.framework */ = {isa = PBXFileReference; explicitFileType = wrapper.framework; includeInIndex = 0; path = Pods.framework; sourceTree = BUILT_PRODUCTS_DIR; };
		F7432B9BF014FBB1992FD2C3 /* Pods.release.xcconfig */ = {isa = PBXFileReference; includeInIndex = 1; lastKnownFileType = text.xcconfig; name = Pods.release.xcconfig; path = "Pods/Target Support Files/Pods/Pods.release.xcconfig"; sourceTree = "<group>"; };
/* End PBXFileReference section */

/* Begin PBXFrameworksBuildPhase section */
		6825397D1D064F4600BE6417 /* Frameworks */ = {
			isa = PBXFrameworksBuildPhase;
			buildActionMask = 2147483647;
			files = (
				4483CE3DBE887F335AE373B9 /* Pods.framework in Frameworks */,
			);
			runOnlyForDeploymentPostprocessing = 0;
		};
		682539911D064F4600BE6417 /* Frameworks */ = {
			isa = PBXFrameworksBuildPhase;
			buildActionMask = 2147483647;
			files = (
			);
			runOnlyForDeploymentPostprocessing = 0;
		};
		6825399C1D064F4600BE6417 /* Frameworks */ = {
			isa = PBXFrameworksBuildPhase;
			buildActionMask = 2147483647;
			files = (
			);
			runOnlyForDeploymentPostprocessing = 0;
		};
/* End PBXFrameworksBuildPhase section */

/* Begin PBXGroup section */
		682539771D064F4600BE6417 = {
			isa = PBXGroup;
			children = (
				682539821D064F4600BE6417 /* OrionTest */,
				682539971D064F4600BE6417 /* OrionTestTests */,
				682539A21D064F4600BE6417 /* OrionTestUITests */,
				682539811D064F4600BE6417 /* Products */,
				8DEF6EAD62BC359BAE473F76 /* Pods */,
				EF59440D73A83D65142D2D3B /* Frameworks */,
			);
			indentWidth = 2;
			sourceTree = "<group>";
			tabWidth = 2;
		};
		682539811D064F4600BE6417 /* Products */ = {
			isa = PBXGroup;
			children = (
				682539801D064F4600BE6417 /* OrionTest.app */,
				682539941D064F4600BE6417 /* OrionTestTests.xctest */,
				6825399F1D064F4600BE6417 /* OrionTestUITests.xctest */,
			);
			name = Products;
			sourceTree = "<group>";
		};
		682539821D064F4600BE6417 /* OrionTest */ = {
			isa = PBXGroup;
			children = (
				68C3D3101D07B9DE0086864F /* ViewControllers */,
				68C4D63C1D066C1300FDF764 /* Model */,
				68C4D6391D066C0500FDF764 /* Controllers */,
				682539831D064F4600BE6417 /* DMAppDelegate.swift */,
				6825398C1D064F4600BE6417 /* LaunchScreen.storyboard */,
				6825398F1D064F4600BE6417 /* Info.plist */,
			);
			path = OrionTest;
			sourceTree = "<group>";
		};
		682539971D064F4600BE6417 /* OrionTestTests */ = {
			isa = PBXGroup;
			children = (
				682539981D064F4600BE6417 /* OrionTestTests.swift */,
				6825399A1D064F4600BE6417 /* Info.plist */,
			);
			path = OrionTestTests;
			sourceTree = "<group>";
		};
		682539A21D064F4600BE6417 /* OrionTestUITests */ = {
			isa = PBXGroup;
			children = (
				682539A31D064F4600BE6417 /* OrionTestUITests.swift */,
				682539A51D064F4600BE6417 /* Info.plist */,
			);
			path = OrionTestUITests;
			sourceTree = "<group>";
		};
		68C3D3101D07B9DE0086864F /* ViewControllers */ = {
			isa = PBXGroup;
			children = (
				68C3D3111D07B9DE0086864F /* DMContactListVC.swift */,
				68C3D3131D07BA800086864F /* DMContactDetailVC.swift */,
			);
			path = ViewControllers;
			sourceTree = "<group>";
		};
		68C4D6391D066C0500FDF764 /* Controllers */ = {
			isa = PBXGroup;
			children = (
				68C4D63A1D066C0500FDF764 /* DMTestController.swift */,
			);
			path = Controllers;
			sourceTree = "<group>";
		};
		68C4D63C1D066C1300FDF764 /* Model */ = {
			isa = PBXGroup;
			children = (
				68C4D63D1D066C2100FDF764 /* DMContact.swift */,
			);
			path = Model;
			sourceTree = "<group>";
		};
		8DEF6EAD62BC359BAE473F76 /* Pods */ = {
			isa = PBXGroup;
			children = (
				D469939E430F71E91B829E43 /* Pods.debug.xcconfig */,
				F7432B9BF014FBB1992FD2C3 /* Pods.release.xcconfig */,
			);
			name = Pods;
			sourceTree = "<group>";
		};
		EF59440D73A83D65142D2D3B /* Frameworks */ = {
			isa = PBXGroup;
			children = (
				EB990F8958A13D6E3CB51D78 /* Pods.framework */,
			);
			name = Frameworks;
			sourceTree = "<group>";
		};
/* End PBXGroup section */

/* Begin PBXNativeTarget section */
		6825397F1D064F4600BE6417 /* OrionTest */ = {
			isa = PBXNativeTarget;
			buildConfigurationList = 682539A81D064F4600BE6417 /* Build configuration list for PBXNativeTarget "OrionTest" */;
			buildPhases = (
				77B8D0A570BF0D755CE68435 /* Check Pods Manifest.lock */,
				6825397C1D064F4600BE6417 /* Sources */,
				6825397D1D064F4600BE6417 /* Frameworks */,
				6825397E1D064F4600BE6417 /* Resources */,
				658E35D940F0E2D90A746547 /* Embed Pods Frameworks */,
				A03AD855A148AD01C7C0F282 /* Copy Pods Resources */,
			);
			buildRules = (
			);
			dependencies = (
			);
			name = OrionTest;
			productName = OrionTest;
			productReference = 682539801D064F4600BE6417 /* OrionTest.app */;
			productType = "com.apple.product-type.application";
		};
		682539931D064F4600BE6417 /* OrionTestTests */ = {
			isa = PBXNativeTarget;
			buildConfigurationList = 682539AB1D064F4600BE6417 /* Build configuration list for PBXNativeTarget "OrionTestTests" */;
			buildPhases = (
				682539901D064F4600BE6417 /* Sources */,
				682539911D064F4600BE6417 /* Frameworks */,
				682539921D064F4600BE6417 /* Resources */,
			);
			buildRules = (
			);
			dependencies = (
				682539961D064F4600BE6417 /* PBXTargetDependency */,
			);
			name = OrionTestTests;
			productName = OrionTestTests;
			productReference = 682539941D064F4600BE6417 /* OrionTestTests.xctest */;
			productType = "com.apple.product-type.bundle.unit-test";
		};
		6825399E1D064F4600BE6417 /* OrionTestUITests */ = {
			isa = PBXNativeTarget;
			buildConfigurationList = 682539AE1D064F4600BE6417 /* Build configuration list for PBXNativeTarget "OrionTestUITests" */;
			buildPhases = (
				6825399B1D064F4600BE6417 /* Sources */,
				6825399C1D064F4600BE6417 /* Frameworks */,
				6825399D1D064F4600BE6417 /* Resources */,
			);
			buildRules = (
			);
			dependencies = (
				682539A11D064F4600BE6417 /* PBXTargetDependency */,
			);
			name = OrionTestUITests;
			productName = OrionTestUITests;
			productReference = 6825399F1D064F4600BE6417 /* OrionTestUITests.xctest */;
			productType = "com.apple.product-type.bundle.ui-testing";
		};
/* End PBXNativeTarget section */

/* Begin PBXProject section */
		682539781D064F4600BE6417 /* Project object */ = {
			isa = PBXProject;
			attributes = {
				LastSwiftUpdateCheck = 0730;
				LastUpgradeCheck = 0730;
				ORGANIZATIONNAME = DM;
				TargetAttributes = {
					6825397F1D064F4600BE6417 = {
						CreatedOnToolsVersion = 7.3;
					};
					682539931D064F4600BE6417 = {
						CreatedOnToolsVersion = 7.3;
						TestTargetID = 6825397F1D064F4600BE6417;
					};
					6825399E1D064F4600BE6417 = {
						CreatedOnToolsVersion = 7.3;
						TestTargetID = 6825397F1D064F4600BE6417;
					};
				};
			};
			buildConfigurationList = 6825397B1D064F4600BE6417 /* Build configuration list for PBXProject "OrionTest" */;
			compatibilityVersion = "Xcode 3.2";
			developmentRegion = English;
			hasScannedForEncodings = 0;
			knownRegions = (
				en,
				Base,
			);
			mainGroup = 682539771D064F4600BE6417;
			productRefGroup = 682539811D064F4600BE6417 /* Products */;
			projectDirPath = "";
			projectRoot = "";
			targets = (
				6825397F1D064F4600BE6417 /* OrionTest */,
				682539931D064F4600BE6417 /* OrionTestTests */,
				6825399E1D064F4600BE6417 /* OrionTestUITests */,
			);
		};
/* End PBXProject section */

/* Begin PBXResourcesBuildPhase section */
		6825397E1D064F4600BE6417 /* Resources */ = {
			isa = PBXResourcesBuildPhase;
			buildActionMask = 2147483647;
			files = (
				6825398E1D064F4600BE6417 /* LaunchScreen.storyboard in Resources */,
			);
			runOnlyForDeploymentPostprocessing = 0;
		};
		682539921D064F4600BE6417 /* Resources */ = {
			isa = PBXResourcesBuildPhase;
			buildActionMask = 2147483647;
			files = (
			);
			runOnlyForDeploymentPostprocessing = 0;
		};
		6825399D1D064F4600BE6417 /* Resources */ = {
			isa = PBXResourcesBuildPhase;
			buildActionMask = 2147483647;
			files = (
			);
			runOnlyForDeploymentPostprocessing = 0;
		};
/* End PBXResourcesBuildPhase section */

/* Begin PBXShellScriptBuildPhase section */
		658E35D940F0E2D90A746547 /* Embed Pods Frameworks */ = {
			isa = PBXShellScriptBuildPhase;
			buildActionMask = 2147483647;
			files = (
			);
			inputPaths = (
			);
			name = "Embed Pods Frameworks";
			outputPaths = (
			);
			runOnlyForDeploymentPostprocessing = 0;
			shellPath = /bin/sh;
			shellScript = "\"${SRCROOT}/Pods/Target Support Files/Pods/Pods-frameworks.sh\"\n";
			showEnvVarsInLog = 0;
		};
		77B8D0A570BF0D755CE68435 /* Check Pods Manifest.lock */ = {
			isa = PBXShellScriptBuildPhase;
			buildActionMask = 2147483647;
			files = (
			);
			inputPaths = (
			);
			name = "Check Pods Manifest.lock";
			outputPaths = (
			);
			runOnlyForDeploymentPostprocessing = 0;
			shellPath = /bin/sh;
			shellScript = "diff \"${PODS_ROOT}/../Podfile.lock\" \"${PODS_ROOT}/Manifest.lock\" > /dev/null\nif [[ $? != 0 ]] ; then\n    cat << EOM\nerror: The sandbox is not in sync with the Podfile.lock. Run 'pod install' or update your CocoaPods installation.\nEOM\n    exit 1\nfi\n";
			showEnvVarsInLog = 0;
		};
		A03AD855A148AD01C7C0F282 /* Copy Pods Resources */ = {
			isa = PBXShellScriptBuildPhase;
			buildActionMask = 2147483647;
			files = (
			);
			inputPaths = (
			);
			name = "Copy Pods Resources";
			outputPaths = (
			);
			runOnlyForDeploymentPostprocessing = 0;
			shellPath = /bin/sh;
			shellScript = "\"${SRCROOT}/Pods/Target Support Files/Pods/Pods-resources.sh\"\n";
			showEnvVarsInLog = 0;
		};
/* End PBXShellScriptBuildPhase section */

/* Begin PBXSourcesBuildPhase section */
		6825397C1D064F4600BE6417 /* Sources */ = {
			isa = PBXSourcesBuildPhase;
			buildActionMask = 2147483647;
			files = (
				68C4D63B1D066C0500FDF764 /* DMTestController.swift in Sources */,
				682539841D064F4600BE6417 /* DMAppDelegate.swift in Sources */,
				68C3D3121D07B9DE0086864F /* DMContactListVC.swift in Sources */,
				68C4D63E1D066C2100FDF764 /* DMContact.swift in Sources */,
				68C3D3141D07BA800086864F /* DMContactDetailVC.swift in Sources */,
			);
			runOnlyForDeploymentPostprocessing = 0;
		};
		682539901D064F4600BE6417 /* Sources */ = {
			isa = PBXSourcesBuildPhase;
			buildActionMask = 2147483647;
			files = (
				682539991D064F4600BE6417 /* OrionTestTests.swift in Sources */,
			);
			runOnlyForDeploymentPostprocessing = 0;
		};
		6825399B1D064F4600BE6417 /* Sources */ = {
			isa = PBXSourcesBuildPhase;
			buildActionMask = 2147483647;
			files = (
				682539A41D064F4600BE6417 /* OrionTestUITests.swift in Sources */,
			);
			runOnlyForDeploymentPostprocessing = 0;
		};
/* End PBXSourcesBuildPhase section */

/* Begin PBXTargetDependency section */
		682539961D064F4600BE6417 /* PBXTargetDependency */ = {
			isa = PBXTargetDependency;
			target = 6825397F1D064F4600BE6417 /* OrionTest */;
			targetProxy = 682539951D064F4600BE6417 /* PBXContainerItemProxy */;
		};
		682539A11D064F4600BE6417 /* PBXTargetDependency */ = {
			isa = PBXTargetDependency;
			target = 6825397F1D064F4600BE6417 /* OrionTest */;
			targetProxy = 682539A01D064F4600BE6417 /* PBXContainerItemProxy */;
		};
/* End PBXTargetDependency section */

/* Begin PBXVariantGroup section */
		6825398C1D064F4600BE6417 /* LaunchScreen.storyboard */ = {
			isa = PBXVariantGroup;
			children = (
				6825398D1D064F4600BE6417 /* Base */,
			);
			name = LaunchScreen.storyboard;
			sourceTree = "<group>";
		};
/* End PBXVariantGroup section */

/* Begin XCBuildConfiguration section */
		682539A61D064F4600BE6417 /* Debug */ = {
			isa = XCBuildConfiguration;
			buildSettings = {
				ALWAYS_SEARCH_USER_PATHS = NO;
				CLANG_ANALYZER_NONNULL = YES;
				CLANG_CXX_LANGUAGE_STANDARD = "gnu++0x";
				CLANG_CXX_LIBRARY = "libc++";
				CLANG_ENABLE_MODULES = YES;
				CLANG_ENABLE_OBJC_ARC = YES;
				CLANG_WARN_BOOL_CONVERSION = YES;
				CLANG_WARN_CONSTANT_CONVERSION = YES;
				CLANG_WARN_DIRECT_OBJC_ISA_USAGE = YES_ERROR;
				CLANG_WARN_EMPTY_BODY = YES;
				CLANG_WARN_ENUM_CONVERSION = YES;
				CLANG_WARN_INT_CONVERSION = YES;
				CLANG_WARN_OBJC_ROOT_CLASS = YES_ERROR;
				CLANG_WARN_UNREACHABLE_CODE = YES;
				CLANG_WARN__DUPLICATE_METHOD_MATCH = YES;
				"CODE_SIGN_IDENTITY[sdk=iphoneos*]" = "iPhone Developer";
				COPY_PHASE_STRIP = NO;
				DEBUG_INFORMATION_FORMAT = dwarf;
				ENABLE_STRICT_OBJC_MSGSEND = YES;
				ENABLE_TESTABILITY = YES;
				GCC_C_LANGUAGE_STANDARD = gnu99;
				GCC_DYNAMIC_NO_PIC = NO;
				GCC_NO_COMMON_BLOCKS = YES;
				GCC_OPTIMIZATION_LEVEL = 0;
				GCC_PREPROCESSOR_DEFINITIONS = (
					"DEBUG=1",
					"$(inherited)",
				);
				GCC_WARN_64_TO_32_BIT_CONVERSION = YES;
				GCC_WARN_ABOUT_RETURN_TYPE = YES_ERROR;
				GCC_WARN_UNDECLARED_SELECTOR = YES;
				GCC_WARN_UNINITIALIZED_AUTOS = YES_AGGRESSIVE;
				GCC_WARN_UNUSED_FUNCTION = YES;
				GCC_WARN_UNUSED_VARIABLE = YES;
				IPHONEOS_DEPLOYMENT_TARGET = 9.3;
				MTL_ENABLE_DEBUG_INFO = YES;
				ONLY_ACTIVE_ARCH = YES;
				SDKROOT = iphoneos;
				SWIFT_OPTIMIZATION_LEVEL = "-Onone";
				TARGETED_DEVICE_FAMILY = "1,2";
			};
			name = Debug;
		};
		682539A71D064F4600BE6417 /* Release */ = {
			isa = XCBuildConfiguration;
			buildSettings = {
				ALWAYS_SEARCH_USER_PATHS = NO;
				CLANG_ANALYZER_NONNULL = YES;
				CLANG_CXX_LANGUAGE_STANDARD = "gnu++0x";
				CLANG_CXX_LIBRARY = "libc++";
				CLANG_ENABLE_MODULES = YES;
				CLANG_ENABLE_OBJC_ARC = YES;
				CLANG_WARN_BOOL_CONVERSION = YES;
				CLANG_WARN_CONSTANT_CONVERSION = YES;
				CLANG_WARN_DIRECT_OBJC_ISA_USAGE = YES_ERROR;
				CLANG_WARN_EMPTY_BODY = YES;
				CLANG_WARN_ENUM_CONVERSION = YES;
				CLANG_WARN_INT_CONVERSION = YES;
				CLANG_WARN_OBJC_ROOT_CLASS = YES_ERROR;
				CLANG_WARN_UNREACHABLE_CODE = YES;
				CLANG_WARN__DUPLICATE_METHOD_MATCH = YES;
				"CODE_SIGN_IDENTITY[sdk=iphoneos*]" = "iPhone Developer";
				COPY_PHASE_STRIP = NO;
				DEBUG_INFORMATION_FORMAT = "dwarf-with-dsym";
				ENABLE_NS_ASSERTIONS = NO;
				ENABLE_STRICT_OBJC_MSGSEND = YES;
				GCC_C_LANGUAGE_STANDARD = gnu99;
				GCC_NO_COMMON_BLOCKS = YES;
				GCC_WARN_64_TO_32_BIT_CONVERSION = YES;
				GCC_WARN_ABOUT_RETURN_TYPE = YES_ERROR;
				GCC_WARN_UNDECLARED_SELECTOR = YES;
				GCC_WARN_UNINITIALIZED_AUTOS = YES_AGGRESSIVE;
				GCC_WARN_UNUSED_FUNCTION = YES;
				GCC_WARN_UNUSED_VARIABLE = YES;
				IPHONEOS_DEPLOYMENT_TARGET = 9.3;
				MTL_ENABLE_DEBUG_INFO = NO;
				SDKROOT = iphoneos;
				TARGETED_DEVICE_FAMILY = "1,2";
				VALIDATE_PRODUCT = YES;
			};
			name = Release;
		};
		682539A91D064F4600BE6417 /* Debug */ = {
			isa = XCBuildConfiguration;
			baseConfigurationReference = D469939E430F71E91B829E43 /* Pods.debug.xcconfig */;
			buildSettings = {
				ASSETCATALOG_COMPILER_APPICON_NAME = AppIcon;
				INFOPLIST_FILE = OrionTest/Info.plist;
				IPHONEOS_DEPLOYMENT_TARGET = 8.1;
				LD_RUNPATH_SEARCH_PATHS = "$(inherited) @executable_path/Frameworks";
				PRODUCT_BUNDLE_IDENTIFIER = com.dm.orionTest;
				PRODUCT_NAME = "$(TARGET_NAME)";
			};
			name = Debug;
		};
		682539AA1D064F4600BE6417 /* Release */ = {
			isa = XCBuildConfiguration;
			baseConfigurationReference = F7432B9BF014FBB1992FD2C3 /* Pods.release.xcconfig */;
			buildSettings = {
				ASSETCATALOG_COMPILER_APPICON_NAME = AppIcon;
				INFOPLIST_FILE = OrionTest/Info.plist;
				IPHONEOS_DEPLOYMENT_TARGET = 8.1;
				LD_RUNPATH_SEARCH_PATHS = "$(inherited) @executable_path/Frameworks";
				PRODUCT_BUNDLE_IDENTIFIER = com.dm.orionTest;
				PRODUCT_NAME = "$(TARGET_NAME)";
			};
			name = Release;
		};
		682539AC1D064F4600BE6417 /* Debug */ = {
			isa = XCBuildConfiguration;
			buildSettings = {
				BUNDLE_LOADER = "$(TEST_HOST)";
				INFOPLIST_FILE = OrionTestTests/Info.plist;
				LD_RUNPATH_SEARCH_PATHS = "$(inherited) @executable_path/Frameworks @loader_path/Frameworks";
				PRODUCT_BUNDLE_IDENTIFIER = com.dm.OrionTestTests;
				PRODUCT_NAME = "$(TARGET_NAME)";
				TEST_HOST = "$(BUILT_PRODUCTS_DIR)/OrionTest.app/OrionTest";
			};
			name = Debug;
		};
		682539AD1D064F4600BE6417 /* Release */ = {
			isa = XCBuildConfiguration;
			buildSettings = {
				BUNDLE_LOADER = "$(TEST_HOST)";
				INFOPLIST_FILE = OrionTestTests/Info.plist;
				LD_RUNPATH_SEARCH_PATHS = "$(inherited) @executable_path/Frameworks @loader_path/Frameworks";
				PRODUCT_BUNDLE_IDENTIFIER = com.dm.OrionTestTests;
				PRODUCT_NAME = "$(TARGET_NAME)";
				TEST_HOST = "$(BUILT_PRODUCTS_DIR)/OrionTest.app/OrionTest";
			};
			name = Release;
		};
		682539AF1D064F4600BE6417 /* Debug */ = {
			isa = XCBuildConfiguration;
			buildSettings = {
				INFOPLIST_FILE = OrionTestUITests/Info.plist;
				LD_RUNPATH_SEARCH_PATHS = "$(inherited) @executable_path/Frameworks @loader_path/Frameworks";
				PRODUCT_BUNDLE_IDENTIFIER = com.dm.OrionTestUITests;
				PRODUCT_NAME = "$(TARGET_NAME)";
				TEST_TARGET_NAME = OrionTest;
			};
			name = Debug;
		};
		682539B01D064F4600BE6417 /* Release */ = {
			isa = XCBuildConfiguration;
			buildSettings = {
				INFOPLIST_FILE = OrionTestUITests/Info.plist;
				LD_RUNPATH_SEARCH_PATHS = "$(inherited) @executable_path/Frameworks @loader_path/Frameworks";
				PRODUCT_BUNDLE_IDENTIFIER = com.dm.OrionTestUITests;
				PRODUCT_NAME = "$(TARGET_NAME)";
				TEST_TARGET_NAME = OrionTest;
			};
			name = Release;
		};
/* End XCBuildConfiguration section */

/* Begin XCConfigurationList section */
		6825397B1D064F4600BE6417 /* Build configuration list for PBXProject "OrionTest" */ = {
			isa = XCConfigurationList;
			buildConfigurations = (
				682539A61D064F4600BE6417 /* Debug */,
				682539A71D064F4600BE6417 /* Release */,
			);
			defaultConfigurationIsVisible = 0;
			defaultConfigurationName = Release;
		};
		682539A81D064F4600BE6417 /* Build configuration list for PBXNativeTarget "OrionTest" */ = {
			isa = XCConfigurationList;
			buildConfigurations = (
				682539A91D064F4600BE6417 /* Debug */,
				682539AA1D064F4600BE6417 /* Release */,
			);
			defaultConfigurationIsVisible = 0;
			defaultConfigurationName = Release;
		};
		682539AB1D064F4600BE6417 /* Build configuration list for PBXNativeTarget "OrionTestTests" */ = {
			isa = XCConfigurationList;
			buildConfigurations = (
				682539AC1D064F4600BE6417 /* Debug */,
				682539AD1D064F4600BE6417 /* Release */,
			);
			defaultConfigurationIsVisible = 0;
			defaultConfigurationName = Release;
		};
		682539AE1D064F4600BE6417 /* Build configuration list for PBXNativeTarget "OrionTestUITests" */ = {
			isa = XCConfigurationList;
			buildConfigurations = (
				682539AF1D064F4600BE6417 /* Debug */,
				682539B01D064F4600BE6417 /* Release */,
			);
			defaultConfigurationIsVisible = 0;
			defaultConfigurationName = Release;
		};
/* End XCConfigurationList section */
	};
	rootObject = 682539781D064F4600BE6417 /* Project object */;
}
